
Microsoft Visual Studio Solution File, Format Version 12.00
# Visual Studio Version 17
VisualStudioVersion = 17.1.32210.238
MinimumVisualStudioVersion = 10.0.40219.1
Project("{9A19103F-16F7-4668-BE54-9A1E7A4F7556}") = "CGAL.Grasshopper.Win", "CGAL.Grasshopper.Win\CGAL.Grasshopper.Win.csproj", "{1419034F-F658-4628-A61A-375A1B92B455}"
	ProjectSection(ProjectDependencies) = postProject
		{D97E111A-6926-40A3-83BE-72341C096D7B} = {D97E111A-6926-40A3-83BE-72341C096D7B}
	EndProjectSection
EndProject
Project("{8BC9CEB8-8B4A-11D0-8D11-00A0C91BC942}") = "CGAL.Native", "CGAL.Native\CGAL.Native.vcxproj", "{D97E111A-6926-40A3-83BE-72341C096D7B}"
EndProject
Project("{FAE04EC0-301F-11D3-BF4B-00C04F79EFBC}") = "CGAL.Wrapper", "CGAL.Wrapper\CGAL.Wrapper.csproj", "{44DC3EE2-27C5-4813-8B23-38EDC74D5118}"
	ProjectSection(ProjectDependencies) = postProject
		{D97E111A-6926-40A3-83BE-72341C096D7B} = {D97E111A-6926-40A3-83BE-72341C096D7B}
	EndProjectSection
EndProject
Global
	GlobalSection(SolutionConfigurationPlatforms) = preSolution
		Debug|Any CPU = Debug|Any CPU
		Debug|x64 = Debug|x64
		Debug|x86 = Debug|x86
		Release|Any CPU = Release|Any CPU
		Release|x64 = Release|x64
		Release|x86 = Release|x86
	EndGlobalSection
	GlobalSection(ProjectConfigurationPlatforms) = postSolution
		{1419034F-F658-4628-A61A-375A1B92B455}.Debug|Any CPU.ActiveCfg = Debug|Any CPU
		{1419034F-F658-4628-A61A-375A1B92B455}.Debug|Any CPU.Build.0 = Debug|Any CPU
		{1419034F-F658-4628-A61A-375A1B92B455}.Debug|x64.ActiveCfg = Debug|Any CPU
		{1419034F-F658-4628-A61A-375A1B92B455}.Debug|x64.Build.0 = Debug|Any CPU
		{1419034F-F658-4628-A61A-375A1B92B455}.Debug|x86.ActiveCfg = Debug|Any CPU
		{1419034F-F658-4628-A61A-375A1B92B455}.Debug|x86.Build.0 = Debug|Any CPU
		{1419034F-F658-4628-A61A-375A1B92B455}.Release|Any CPU.ActiveCfg = Release|Any CPU
		{1419034F-F658-4628-A61A-375A1B92B455}.Release|Any CPU.Build.0 = Release|Any CPU
		{1419034F-F658-4628-A61A-375A1B92B455}.Release|x64.ActiveCfg = Release|Any CPU
		{1419034F-F658-4628-A61A-375A1B92B455}.Release|x64.Build.0 = Release|Any CPU
		{1419034F-F658-4628-A61A-375A1B92B455}.Release|x86.ActiveCfg = Release|Any CPU
		{1419034F-F658-4628-A61A-375A1B92B455}.Release|x86.Build.0 = Release|Any CPU
		{D97E111A-6926-40A3-83BE-72341C096D7B}.Debug|Any CPU.ActiveCfg = Debug|x64
		{D97E111A-6926-40A3-83BE-72341C096D7B}.Debug|Any CPU.Build.0 = Debug|x64
		{D97E111A-6926-40A3-83BE-72341C096D7B}.Debug|x64.ActiveCfg = Debug|x64
		{D97E111A-6926-40A3-83BE-72341C096D7B}.Debug|x64.Build.0 = Debug|x64
		{D97E111A-6926-40A3-83BE-72341C096D7B}.Debug|x86.ActiveCfg = Debug|Win32
		{D97E111A-6926-40A3-83BE-72341C096D7B}.Debug|x86.Build.0 = Debug|Win32
		{D97E111A-6926-40A3-83BE-72341C096D7B}.Release|Any CPU.ActiveCfg = Release|x64
		{D97E111A-6926-40A3-83BE-72341C096D7B}.Release|Any CPU.Build.0 = Release|x64
		{D97E111A-6926-40A3-83BE-72341C096D7B}.Release|x64.ActiveCfg = Release|x64
		{D97E111A-6926-40A3-83BE-72341C096D7B}.Release|x64.Build.0 = Release|x64
		{D97E111A-6926-40A3-83BE-72341C096D7B}.Release|x86.ActiveCfg = Release|Win32
		{D97E111A-6926-40A3-83BE-72341C096D7B}.Release|x86.Build.0 = Release|Win32
		{44DC3EE2-27C5-4813-8B23-38EDC74D5118}.Debug|Any CPU.ActiveCfg = Debug|Any CPU
		{44DC3EE2-27C5-4813-8B23-38EDC74D5118}.Debug|Any CPU.Build.0 = Debug|Any CPU
		{44DC3EE2-27C5-4813-8B23-38EDC74D5118}.Debug|x64.ActiveCfg = Debug|Any CPU
		{44DC3EE2-27C5-4813-8B23-38EDC74D5118}.Debug|x64.Build.0 = Debug|Any CPU
		{44DC3EE2-27C5-4813-8B23-38EDC74D5118}.Debug|x86.ActiveCfg = Debug|Any CPU
		{44DC3EE2-27C5-4813-8B23-38EDC74D5118}.Debug|x86.Build.0 = Debug|Any CPU
		{44DC3EE2-27C5-4813-8B23-38EDC74D5118}.Release|Any CPU.ActiveCfg = Release|Any CPU
		{44DC3EE2-27C5-4813-8B23-38EDC74D5118}.Release|Any CPU.Build.0 = Release|Any CPU
		{44DC3EE2-27C5-4813-8B23-38EDC74D5118}.Release|x64.ActiveCfg = Release|Any CPU
		{44DC3EE2-27C5-4813-8B23-38EDC74D5118}.Release|x64.Build.0 = Release|Any CPU
		{44DC3EE2-27C5-4813-8B23-38EDC74D5118}.Release|x86.ActiveCfg = Release|Any CPU
		{44DC3EE2-27C5-4813-8B23-38EDC74D5118}.Release|x86.Build.0 = Release|Any CPU
	EndGlobalSection
	GlobalSection(SolutionProperties) = preSolution
		HideSolutionNode = FALSE
	EndGlobalSection
	GlobalSection(ExtensibilityGlobals) = postSolution
		SolutionGuid = {D28C9AB1-7558-4430-BC71-BC223B5E648B}
	EndGlobalSection
EndGlobal
