
Microsoft Visual Studio Solution File, Format Version 12.00
# Visual Studio Version 17
VisualStudioVersion = 17.1.32210.238
MinimumVisualStudioVersion = 10.0.40219.1
Project("{9A19103F-16F7-4668-BE54-9A1E7A4F7556}") = "CGAL.Grasshopper.Win", "CGAL.Grasshopper.Win\CGAL.Grasshopper.Win.csproj", "{35CBB118-CB4D-4936-A8C9-C9FD7AEE1124}"
	ProjectSection(ProjectDependencies) = postProject
		{F9F2C59C-7968-4B37-BCD4-83AF22A184E7} = {F9F2C59C-7968-4B37-BCD4-83AF22A184E7}
	EndProjectSection
EndProject
Project("{8BC9CEB8-8B4A-11D0-8D11-00A0C91BC942}") = "CGAL.Native", "CGAL.Native\CGAL.Native.vcxproj", "{F9F2C59C-7968-4B37-BCD4-83AF22A184E7}"
EndProject
Project("{FAE04EC0-301F-11D3-BF4B-00C04F79EFBC}") = "CGAL.Wrapper", "CGAL.Wrapper\CGAL.Wrapper.csproj", "{0F64D823-0ACD-4134-9DEA-EA0C4A522690}"
	ProjectSection(ProjectDependencies) = postProject
		{F9F2C59C-7968-4B37-BCD4-83AF22A184E7} = {F9F2C59C-7968-4B37-BCD4-83AF22A184E7}
	EndProjectSection
EndProject
Global
	GlobalSection(SolutionConfigurationPlatforms) = preSolution
		Debug|Any CPU = Debug|Any CPU
		Debug|x64 = Debug|x64
		Debug|x86 = Debug|x86
		Release|Any CPU = Release|Any CPU
		Release|x64 = Release|x64
		Release|x86 = Release|x86
	EndGlobalSection
	GlobalSection(ProjectConfigurationPlatforms) = postSolution
		{35CBB118-CB4D-4936-A8C9-C9FD7AEE1124}.Debug|Any CPU.ActiveCfg = Debug|Any CPU
		{35CBB118-CB4D-4936-A8C9-C9FD7AEE1124}.Debug|Any CPU.Build.0 = Debug|Any CPU
		{35CBB118-CB4D-4936-A8C9-C9FD7AEE1124}.Debug|x64.ActiveCfg = Debug|Any CPU
		{35CBB118-CB4D-4936-A8C9-C9FD7AEE1124}.Debug|x64.Build.0 = Debug|Any CPU
		{35CBB118-CB4D-4936-A8C9-C9FD7AEE1124}.Debug|x86.ActiveCfg = Debug|Any CPU
		{35CBB118-CB4D-4936-A8C9-C9FD7AEE1124}.Debug|x86.Build.0 = Debug|Any CPU
		{35CBB118-CB4D-4936-A8C9-C9FD7AEE1124}.Release|Any CPU.ActiveCfg = Release|Any CPU
		{35CBB118-CB4D-4936-A8C9-C9FD7AEE1124}.Release|Any CPU.Build.0 = Release|Any CPU
		{35CBB118-CB4D-4936-A8C9-C9FD7AEE1124}.Release|x64.ActiveCfg = Release|Any CPU
		{35CBB118-CB4D-4936-A8C9-C9FD7AEE1124}.Release|x64.Build.0 = Release|Any CPU
		{35CBB118-CB4D-4936-A8C9-C9FD7AEE1124}.Release|x86.ActiveCfg = Release|Any CPU
		{35CBB118-CB4D-4936-A8C9-C9FD7AEE1124}.Release|x86.Build.0 = Release|Any CPU
		{F9F2C59C-7968-4B37-BCD4-83AF22A184E7}.Debug|Any CPU.ActiveCfg = Debug|x64
		{F9F2C59C-7968-4B37-BCD4-83AF22A184E7}.Debug|Any CPU.Build.0 = Debug|x64
		{F9F2C59C-7968-4B37-BCD4-83AF22A184E7}.Debug|x64.ActiveCfg = Debug|x64
		{F9F2C59C-7968-4B37-BCD4-83AF22A184E7}.Debug|x64.Build.0 = Debug|x64
		{F9F2C59C-7968-4B37-BCD4-83AF22A184E7}.Debug|x86.ActiveCfg = Debug|Win32
		{F9F2C59C-7968-4B37-BCD4-83AF22A184E7}.Debug|x86.Build.0 = Debug|Win32
		{F9F2C59C-7968-4B37-BCD4-83AF22A184E7}.Release|Any CPU.ActiveCfg = Release|x64
		{F9F2C59C-7968-4B37-BCD4-83AF22A184E7}.Release|Any CPU.Build.0 = Release|x64
		{F9F2C59C-7968-4B37-BCD4-83AF22A184E7}.Release|x64.ActiveCfg = Release|x64
		{F9F2C59C-7968-4B37-BCD4-83AF22A184E7}.Release|x64.Build.0 = Release|x64
		{F9F2C59C-7968-4B37-BCD4-83AF22A184E7}.Release|x86.ActiveCfg = Release|Win32
		{F9F2C59C-7968-4B37-BCD4-83AF22A184E7}.Release|x86.Build.0 = Release|Win32
		{0F64D823-0ACD-4134-9DEA-EA0C4A522690}.Debug|Any CPU.ActiveCfg = Debug|Any CPU
		{0F64D823-0ACD-4134-9DEA-EA0C4A522690}.Debug|Any CPU.Build.0 = Debug|Any CPU
		{0F64D823-0ACD-4134-9DEA-EA0C4A522690}.Debug|x64.ActiveCfg = Debug|Any CPU
		{0F64D823-0ACD-4134-9DEA-EA0C4A522690}.Debug|x64.Build.0 = Debug|Any CPU
		{0F64D823-0ACD-4134-9DEA-EA0C4A522690}.Debug|x86.ActiveCfg = Debug|Any CPU
		{0F64D823-0ACD-4134-9DEA-EA0C4A522690}.Debug|x86.Build.0 = Debug|Any CPU
		{0F64D823-0ACD-4134-9DEA-EA0C4A522690}.Release|Any CPU.ActiveCfg = Release|Any CPU
		{0F64D823-0ACD-4134-9DEA-EA0C4A522690}.Release|Any CPU.Build.0 = Release|Any CPU
		{0F64D823-0ACD-4134-9DEA-EA0C4A522690}.Release|x64.ActiveCfg = Release|Any CPU
		{0F64D823-0ACD-4134-9DEA-EA0C4A522690}.Release|x64.Build.0 = Release|Any CPU
		{0F64D823-0ACD-4134-9DEA-EA0C4A522690}.Release|x86.ActiveCfg = Release|Any CPU
		{0F64D823-0ACD-4134-9DEA-EA0C4A522690}.Release|x86.Build.0 = Release|Any CPU
	EndGlobalSection
	GlobalSection(SolutionProperties) = preSolution
		HideSolutionNode = FALSE
	EndGlobalSection
	GlobalSection(ExtensibilityGlobals) = postSolution
		SolutionGuid = {62C13A8F-F8DB-4450-90BD-D7E72020AEE6}
	EndGlobalSection
EndGlobal
